<?xml version="1.0" encoding="utf-8"?>
<Project ToolsVersion="4.0" xmlns="http://schemas.microsoft.com/developer/msbuild/2003">
  <ItemGroup>
    <Filter Include="Header Files">
      <UniqueIdentifier>{93995380-89BD-4b04-88EB-625FBE52EBFB}</UniqueIdentifier>
      <Extensions>h;hh;hpp;hxx;h++;hm;inl;inc;ipp;xsd</Extensions>
    </Filter>
    <Filter Include="Engine">
      <UniqueIdentifier>{4FC737F1-C7A5-4376-A066-2A32D752A2FF}</UniqueIdentifier>
      <Extensions>cpp;c;cc;cxx;c++;cppm;ixx;def;odl;idl;hpj;bat;asm;asmx</Extensions>
    </Filter>
    <Filter Include="ThirdParty">
      <UniqueIdentifier>{539a263e-ae8a-4412-aad5-2cb7e91914d2}</UniqueIdentifier>
    </Filter>
    <Filter Include="UnitTests">
      <UniqueIdentifier>{707f290f-397f-41e3-8d70-80fe2513e1eb}</UniqueIdentifier>
    </Filter>
    <Filter Include="UnitTests\UnitTests1">
      <UniqueIdentifier>{d2a1e774-7cf6-4190-830c-09d3c920db49}</UniqueIdentifier>
    </Filter>
    <Filter Include="Engine\Include">
      <UniqueIdentifier>{e930a9eb-7058-44d8-9d9e-ae4df7a2cba9}</UniqueIdentifier>
    </Filter>
    <Filter Include="Engine\Bin">
      <UniqueIdentifier>{4642e2a1-9b67-4d88-a93d-08fa3ff8a516}</UniqueIdentifier>
    </Filter>
    <Filter Include="Engine\Src">
      <UniqueIdentifier>{285ce631-e8d0-4890-862c-7496e7c56957}</UniqueIdentifier>
    </Filter>
    <Filter Include="UnitTests\UnitTests1\Src">
      <UniqueIdentifier>{fc097ce9-8af3-4d28-9e83-d397a9ba6e17}</UniqueIdentifier>
    </Filter>
    <Filter Include="UnitTests\UnitTests1\Bin">
      <UniqueIdentifier>{fe43c5f2-a4bb-4fae-9dcb-6244b600f50f}</UniqueIdentifier>
    </Filter>
    <Filter Include="UnitTests\UnitTests1\Config">
      <UniqueIdentifier>{fed87f84-32de-4bec-8a34-735bac64761e}</UniqueIdentifier>
    </Filter>
    <Filter Include="UnitTests\UnitTests1\Src\Headers">
      <UniqueIdentifier>{dba5f902-6cb7-46d8-a672-5e2ee2a61211}</UniqueIdentifier>
    </Filter>
  </ItemGroup>
  <ItemGroup>
    <ClCompile Include="ZeldaApp.cpp">
      <Filter>UnitTests\UnitTests1\Src</Filter>
    </ClCompile>
    <ClCompile Include="main.cpp">
      <Filter>UnitTests\UnitTests1\Src</Filter>
    </ClCompile>
    <ClCompile Include="GameLoop.cpp">
      <Filter>UnitTests\UnitTests1\Src</Filter>
    </ClCompile>
  </ItemGroup>
  <ItemGroup>
    <ClInclude Include="ZeldaApp.h">
      <Filter>UnitTests\UnitTests1\Src\Headers</Filter>
    </ClInclude>
    <ClInclude Include="App.h">
      <Filter>Engine\Include</Filter>
    </ClInclude>
  </ItemGroup>
</Project>